<?xml version="1.0" encoding="UTF-8"?>
<Scheme LastUpgradeVersion = "2700" version = "1.7">
<BuildAction parallelizeBuildables = "YES" buildImplicitDependencies = "YES"><BuildActionEntries><BuildActionEntry buildForTesting = "YES" buildForRunning = "YES" buildForProfiling = "YES" buildForArchiving = "YES" buildForAnalyzing = "YES"><BuildableReference BuildableIdentifier = "primary" BlueprintIdentifier = "327FE717A673FCA87781D48B" BuildableName = "RipcordKit.framework" BlueprintName = "RipcordKit" ReferencedContainer = "container:Ripcord.xcodeproj"></BuildableReference></BuildActionEntry></BuildActionEntries></BuildAction>
<TestAction buildConfiguration = "Debug" selectedDebuggerIdentifier = "Xcode.DebuggerFoundation.Debugger.LLDB" selectedLauncherIdentifier = "Xcode.DebuggerFoundation.Launcher.LLDB" shouldUseLaunchSchemeArgsEnv = "YES"><Testables><TestableReference skipped = "NO" parallelizable = "YES"><BuildableReference BuildableIdentifier = "primary" BlueprintIdentifier = "2A17E14A15E31BA114CC6396" BuildableName = "RipcordKitTests.xctest" BlueprintName = "RipcordKitTests" ReferencedContainer = "container:Ripcord.xcodeproj"></BuildableReference></TestableReference><TestableReference skipped = "NO" parallelizable = "YES"><BuildableReference BuildableIdentifier = "primary" BlueprintIdentifier = "5AFAC1100082732015919C71" BuildableName = "RipcordAppTests.xctest" BlueprintName = "RipcordAppTests" ReferencedContainer = "container:Ripcord.xcodeproj"></BuildableReference></TestableReference></Testables></TestAction>
<LaunchAction buildConfiguration = "Debug" selectedDebuggerIdentifier = "Xcode.DebuggerFoundation.Debugger.LLDB" selectedLauncherIdentifier = "Xcode.DebuggerFoundation.Launcher.LLDB" launchStyle = "0" useCustomWorkingDirectory = "YES" customWorkingDirectory = "$(SRCROOT)/../.." ignoresPersistentStateOnLaunch = "NO" debugDocumentVersioning = "YES" debugServiceExtension = "internal" allowLocationSimulation = "YES"></LaunchAction>
<ProfileAction buildConfiguration = "Release" shouldUseLaunchSchemeArgsEnv = "YES" savedToolIdentifier = "" useCustomWorkingDirectory = "NO" debugDocumentVersioning = "YES"></ProfileAction>
<AnalyzeAction buildConfiguration = "Debug"></AnalyzeAction>
<ArchiveAction buildConfiguration = "Release" revealArchiveInOrganizer = "YES"></ArchiveAction>
</Scheme>
